// !$*UTF8*$!
{
	archiveVersion = 1;
	classes = {
	};
	objectVersion = 46;
	objects = {

/* Begin PBXBuildFile section */
		05ED510A1CBDE80E0013162D /* ChessBoard.m in Sources */ = {isa = PBXBuildFile; fileRef = 05ED51091CBDE80E0013162D /* ChessBoard.m */; };
		05ED510D1CBE375C0013162D /* GameViewController.m in Sources */ = {isa = PBXBuildFile; fileRef = 05ED510C1CBE375C0013162D /* GameViewController.m */; };
		184546071CBE63DA00905AF9 /* ChessLocationModel.m in Sources */ = {isa = PBXBuildFile; fileRef = 184546061CBE63DA00905AF9 /* ChessLocationModel.m */; };
		18B1A5261CBD317100E74AB7 /* PrimeMinisterChess.m in Sources */ = {isa = PBXBuildFile; fileRef = 18B1A5251CBD317100E74AB7 /* PrimeMinisterChess.m */; };
		18B1A5291CBD326B00E74AB7 /* SoldierChess.m in Sources */ = {isa = PBXBuildFile; fileRef = 18B1A5281CBD326B00E74AB7 /* SoldierChess.m */; };
		18B1A52C1CBD335500E74AB7 /* GunFireChess.m in Sources */ = {isa = PBXBuildFile; fileRef = 18B1A52B1CBD335500E74AB7 /* GunFireChess.m */; };
		18B1A52F1CBD33EF00E74AB7 /* HorseChess.m in Sources */ = {isa = PBXBuildFile; fileRef = 18B1A52E1CBD33EF00E74AB7 /* HorseChess.m */; };
		18B1A5321CBD344900E74AB7 /* CarChess.m in Sources */ = {isa = PBXBuildFile; fileRef = 18B1A5311CBD344900E74AB7 /* CarChess.m */; };
		18B1A5361CBD352800E74AB7 /* ChessPlayer.m in Sources */ = {isa = PBXBuildFile; fileRef = 18B1A5351CBD352800E74AB7 /* ChessPlayer.m */; };
		18CC23E81CBD2336004C5A76 /* main.m in Sources */ = {isa = PBXBuildFile; fileRef = 18CC23E71CBD2336004C5A76 /* main.m */; };
		18CC23EB1CBD2336004C5A76 /* AppDelegate.m in Sources */ = {isa = PBXBuildFile; fileRef = 18CC23EA1CBD2336004C5A76 /* AppDelegate.m */; };
		18CC23EE1CBD2336004C5A76 /* ViewController.m in Sources */ = {isa = PBXBuildFile; fileRef = 18CC23ED1CBD2336004C5A76 /* ViewController.m */; };
		18CC23F31CBD2336004C5A76 /* Assets.xcassets in Resources */ = {isa = PBXBuildFile; fileRef = 18CC23F21CBD2336004C5A76 /* Assets.xcassets */; };
		18CC23F61CBD2336004C5A76 /* LaunchScreen.storyboard in Resources */ = {isa = PBXBuildFile; fileRef = 18CC23F41CBD2336004C5A76 /* LaunchScreen.storyboard */; };
		18CC24011CBD2336004C5A76 /* MyChineseChessTests.m in Sources */ = {isa = PBXBuildFile; fileRef = 18CC24001CBD2336004C5A76 /* MyChineseChessTests.m */; };
		18CC240C1CBD2336004C5A76 /* MyChineseChessUITests.m in Sources */ = {isa = PBXBuildFile; fileRef = 18CC240B1CBD2336004C5A76 /* MyChineseChessUITests.m */; };
		18CC241C1CBD2364004C5A76 /* BaseChess.m in Sources */ = {isa = PBXBuildFile; fileRef = 18CC241B1CBD2364004C5A76 /* BaseChess.m */; };
		18CC24261CBD29FA004C5A76 /* KingChess.m in Sources */ = {isa = PBXBuildFile; fileRef = 18CC24251CBD29FA004C5A76 /* KingChess.m */; };
		18CC24291CBD304C004C5A76 /* GuardChess.m in Sources */ = {isa = PBXBuildFile; fileRef = 18CC24281CBD304C004C5A76 /* GuardChess.m */; };
/* End PBXBuildFile section */

/* Begin PBXContainerItemProxy section */
		18CC23FD1CBD2336004C5A76 /* PBXContainerItemProxy */ = {
			isa = PBXContainerItemProxy;
			containerPortal = 18CC23DB1CBD2336004C5A76 /* Project object */;
			proxyType = 1;
			remoteGlobalIDString = 18CC23E21CBD2336004C5A76;
			remoteInfo = MyChineseChess;
		};
		18CC24081CBD2336004C5A76 /* PBXContainerItemProxy */ = {
			isa = PBXContainerItemProxy;
			containerPortal = 18CC23DB1CBD2336004C5A76 /* Project object */;
			proxyType = 1;
			remoteGlobalIDString = 18CC23E21CBD2336004C5A76;
			remoteInfo = MyChineseChess;
		};
/* End PBXContainerItemProxy section */

/* Begin PBXFileReference section */
		05ED51081CBDE80E0013162D /* ChessBoard.h */ = {isa = PBXFileReference; fileEncoding = 4; lastKnownFileType = sourcecode.c.h; path = ChessBoard.h; sourceTree = "<group>"; };
		05ED51091CBDE80E0013162D /* ChessBoard.m */ = {isa = PBXFileReference; fileEncoding = 4; lastKnownFileType = sourcecode.c.objc; path = ChessBoard.m; sourceTree = "<group>"; };
		05ED510B1CBE375C0013162D /* GameViewController.h */ = {isa = PBXFileReference; fileEncoding = 4; lastKnownFileType = sourcecode.c.h; path = GameViewController.h; sourceTree = "<group>"; };
		05ED510C1CBE375C0013162D /* GameViewController.m */ = {isa = PBXFileReference; fileEncoding = 4; lastKnownFileType = sourcecode.c.objc; path = GameViewController.m; sourceTree = "<group>"; };
		184546051CBE63DA00905AF9 /* ChessLocationModel.h */ = {isa = PBXFileReference; fileEncoding = 4; lastKnownFileType = sourcecode.c.h; path = ChessLocationModel.h; sourceTree = "<group>"; };
		184546061CBE63DA00905AF9 /* ChessLocationModel.m */ = {isa = PBXFileReference; fileEncoding = 4; lastKnownFileType = sourcecode.c.objc; path = ChessLocationModel.m; sourceTree = "<group>"; };
		18B1A5241CBD317100E74AB7 /* PrimeMinisterChess.h */ = {isa = PBXFileReference; fileEncoding = 4; lastKnownFileType = sourcecode.c.h; path = PrimeMinisterChess.h; sourceTree = "<group>"; };
		18B1A5251CBD317100E74AB7 /* PrimeMinisterChess.m */ = {isa = PBXFileReference; fileEncoding = 4; lastKnownFileType = sourcecode.c.objc; path = PrimeMinisterChess.m; sourceTree = "<group>"; };
		18B1A5271CBD326B00E74AB7 /* SoldierChess.h */ = {isa = PBXFileReference; fileEncoding = 4; lastKnownFileType = sourcecode.c.h; path = SoldierChess.h; sourceTree = "<group>"; };
		18B1A5281CBD326B00E74AB7 /* SoldierChess.m */ = {isa = PBXFileReference; fileEncoding = 4; lastKnownFileType = sourcecode.c.objc; path = SoldierChess.m; sourceTree = "<group>"; };
		18B1A52A1CBD335500E74AB7 /* GunFireChess.h */ = {isa = PBXFileReference; fileEncoding = 4; lastKnownFileType = sourcecode.c.h; path = GunFireChess.h; sourceTree = "<group>"; };
		18B1A52B1CBD335500E74AB7 /* GunFireChess.m */ = {isa = PBXFileReference; fileEncoding = 4; lastKnownFileType = sourcecode.c.objc; path = GunFireChess.m; sourceTree = "<group>"; };
		18B1A52D1CBD33EF00E74AB7 /* HorseChess.h */ = {isa = PBXFileReference; fileEncoding = 4; lastKnownFileType = sourcecode.c.h; path = HorseChess.h; sourceTree = "<group>"; };
		18B1A52E1CBD33EF00E74AB7 /* HorseChess.m */ = {isa = PBXFileReference; fileEncoding = 4; lastKnownFileType = sourcecode.c.objc; path = HorseChess.m; sourceTree = "<group>"; };
		18B1A5301CBD344900E74AB7 /* CarChess.h */ = {isa = PBXFileReference; fileEncoding = 4; lastKnownFileType = sourcecode.c.h; path = CarChess.h; sourceTree = "<group>"; };
		18B1A5311CBD344900E74AB7 /* CarChess.m */ = {isa = PBXFileReference; fileEncoding = 4; lastKnownFileType = sourcecode.c.objc; path = CarChess.m; sourceTree = "<group>"; };
		18B1A5341CBD352800E74AB7 /* ChessPlayer.h */ = {isa = PBXFileReference; fileEncoding = 4; lastKnownFileType = sourcecode.c.h; path = ChessPlayer.h; sourceTree = "<group>"; };
		18B1A5351CBD352800E74AB7 /* ChessPlayer.m */ = {isa = PBXFileReference; fileEncoding = 4; lastKnownFileType = sourcecode.c.objc; path = ChessPlayer.m; sourceTree = "<group>"; };
		18CC23E31CBD2336004C5A76 /* MyChineseChess.app */ = {isa = PBXFileReference; explicitFileType = wrapper.application; includeInIndex = 0; path = MyChineseChess.app; sourceTree = BUILT_PRODUCTS_DIR; };
		18CC23E71CBD2336004C5A76 /* main.m */ = {isa = PBXFileReference; lastKnownFileType = sourcecode.c.objc; path = main.m; sourceTree = "<group>"; };
		18CC23E91CBD2336004C5A76 /* AppDelegate.h */ = {isa = PBXFileReference; lastKnownFileType = sourcecode.c.h; path = AppDelegate.h; sourceTree = "<group>"; };
		18CC23EA1CBD2336004C5A76 /* AppDelegate.m */ = {isa = PBXFileReference; lastKnownFileType = sourcecode.c.objc; path = AppDelegate.m; sourceTree = "<group>"; };
		18CC23EC1CBD2336004C5A76 /* ViewController.h */ = {isa = PBXFileReference; lastKnownFileType = sourcecode.c.h; path = ViewController.h; sourceTree = "<group>"; };
		18CC23ED1CBD2336004C5A76 /* ViewController.m */ = {isa = PBXFileReference; lastKnownFileType = sourcecode.c.objc; path = ViewController.m; sourceTree = "<group>"; };
		18CC23F21CBD2336004C5A76 /* Assets.xcassets */ = {isa = PBXFileReference; lastKnownFileType = folder.assetcatalog; path = Assets.xcassets; sourceTree = "<group>"; };
		18CC23F51CBD2336004C5A76 /* Base */ = {isa = PBXFileReference; lastKnownFileType = file.storyboard; name = Base; path = Base.lproj/LaunchScreen.storyboard; sourceTree = "<group>"; };
		18CC23F71CBD2336004C5A76 /* Info.plist */ = {isa = PBXFileReference; lastKnownFileType = text.plist.xml; path = Info.plist; sourceTree = "<group>"; };
		18CC23FC1CBD2336004C5A76 /* MyChineseChessTests.xctest */ = {isa = PBXFileReference; explicitFileType = wrapper.cfbundle; includeInIndex = 0; path = MyChineseChessTests.xctest; sourceTree = BUILT_PRODUCTS_DIR; };
		18CC24001CBD2336004C5A76 /* MyChineseChessTests.m */ = {isa = PBXFileReference; lastKnownFileType = sourcecode.c.objc; path = MyChineseChessTests.m; sourceTree = "<group>"; };
		18CC24021CBD2336004C5A76 /* Info.plist */ = {isa = PBXFileReference; lastKnownFileType = text.plist.xml; path = Info.plist; sourceTree = "<group>"; };
		18CC24071CBD2336004C5A76 /* MyChineseChessUITests.xctest */ = {isa = PBXFileReference; explicitFileType = wrapper.cfbundle; includeInIndex = 0; path = MyChineseChessUITests.xctest; sourceTree = BUILT_PRODUCTS_DIR; };
		18CC240B1CBD2336004C5A76 /* MyChineseChessUITests.m */ = {isa = PBXFileReference; lastKnownFileType = sourcecode.c.objc; path = MyChineseChessUITests.m; sourceTree = "<group>"; };
		18CC240D1CBD2336004C5A76 /* Info.plist */ = {isa = PBXFileReference; lastKnownFileType = text.plist.xml; path = Info.plist; sourceTree = "<group>"; };
		18CC241A1CBD2364004C5A76 /* BaseChess.h */ = {isa = PBXFileReference; fileEncoding = 4; lastKnownFileType = sourcecode.c.h; path = BaseChess.h; sourceTree = "<group>"; };
		18CC241B1CBD2364004C5A76 /* BaseChess.m */ = {isa = PBXFileReference; fileEncoding = 4; lastKnownFileType = sourcecode.c.objc; path = BaseChess.m; sourceTree = "<group>"; };
		18CC24241CBD29FA004C5A76 /* KingChess.h */ = {isa = PBXFileReference; fileEncoding = 4; lastKnownFileType = sourcecode.c.h; path = KingChess.h; sourceTree = "<group>"; };
		18CC24251CBD29FA004C5A76 /* KingChess.m */ = {isa = PBXFileReference; fileEncoding = 4; lastKnownFileType = sourcecode.c.objc; path = KingChess.m; sourceTree = "<group>"; };
		18CC24271CBD304C004C5A76 /* GuardChess.h */ = {isa = PBXFileReference; fileEncoding = 4; lastKnownFileType = sourcecode.c.h; path = GuardChess.h; sourceTree = "<group>"; };
		18CC24281CBD304C004C5A76 /* GuardChess.m */ = {isa = PBXFileReference; fileEncoding = 4; lastKnownFileType = sourcecode.c.objc; path = GuardChess.m; sourceTree = "<group>"; };
/* End PBXFileReference section */

/* Begin PBXFrameworksBuildPhase section */
		18CC23E01CBD2336004C5A76 /* Frameworks */ = {
			isa = PBXFrameworksBuildPhase;
			buildActionMask = 2147483647;
			files = (
			);
			runOnlyForDeploymentPostprocessing = 0;
		};
		18CC23F91CBD2336004C5A76 /* Frameworks */ = {
			isa = PBXFrameworksBuildPhase;
			buildActionMask = 2147483647;
			files = (
			);
			runOnlyForDeploymentPostprocessing = 0;
		};
		18CC24041CBD2336004C5A76 /* Frameworks */ = {
			isa = PBXFrameworksBuildPhase;
			buildActionMask = 2147483647;
			files = (
			);
			runOnlyForDeploymentPostprocessing = 0;
		};
/* End PBXFrameworksBuildPhase section */

/* Begin PBXGroup section */
		05ED51041CBDE5250013162D /* GameControl */ = {
			isa = PBXGroup;
			children = (
				05ED51081CBDE80E0013162D /* ChessBoard.h */,
				05ED51091CBDE80E0013162D /* ChessBoard.m */,
				05ED510B1CBE375C0013162D /* GameViewController.h */,
				05ED510C1CBE375C0013162D /* GameViewController.m */,
				184546051CBE63DA00905AF9 /* ChessLocationModel.h */,
				184546061CBE63DA00905AF9 /* ChessLocationModel.m */,
			);
			name = GameControl;
			sourceTree = "<group>";
		};
		18B1A5331CBD350500E74AB7 /* Player */ = {
			isa = PBXGroup;
			children = (
				18B1A5341CBD352800E74AB7 /* ChessPlayer.h */,
				18B1A5351CBD352800E74AB7 /* ChessPlayer.m */,
			);
			name = Player;
			sourceTree = "<group>";
		};
		18CC23DA1CBD2336004C5A76 = {
			isa = PBXGroup;
			children = (
				18CC23E51CBD2336004C5A76 /* MyChineseChess */,
				18CC23FF1CBD2336004C5A76 /* MyChineseChessTests */,
				18CC240A1CBD2336004C5A76 /* MyChineseChessUITests */,
				18CC23E41CBD2336004C5A76 /* Products */,
			);
			sourceTree = "<group>";
		};
		18CC23E41CBD2336004C5A76 /* Products */ = {
			isa = PBXGroup;
			children = (
				18CC23E31CBD2336004C5A76 /* MyChineseChess.app */,
				18CC23FC1CBD2336004C5A76 /* MyChineseChessTests.xctest */,
				18CC24071CBD2336004C5A76 /* MyChineseChessUITests.xctest */,
			);
			name = Products;
			sourceTree = "<group>";
		};
		18CC23E51CBD2336004C5A76 /* MyChineseChess */ = {
			isa = PBXGroup;
			children = (
				05ED51041CBDE5250013162D /* GameControl */,
				18B1A5331CBD350500E74AB7 /* Player */,
				18CC24191CBD233F004C5A76 /* Chesses */,
				18CC23E91CBD2336004C5A76 /* AppDelegate.h */,
				18CC23EA1CBD2336004C5A76 /* AppDelegate.m */,
				18CC23EC1CBD2336004C5A76 /* ViewController.h */,
				18CC23ED1CBD2336004C5A76 /* ViewController.m */,
				18CC23F21CBD2336004C5A76 /* Assets.xcassets */,
				18CC23F41CBD2336004C5A76 /* LaunchScreen.storyboard */,
				18CC23F71CBD2336004C5A76 /* Info.plist */,
				18CC23E61CBD2336004C5A76 /* Supporting Files */,
			);
			path = MyChineseChess;
			sourceTree = "<group>";
		};
		18CC23E61CBD2336004C5A76 /* Supporting Files */ = {
			isa = PBXGroup;
			children = (
				18CC23E71CBD2336004C5A76 /* main.m */,
			);
			name = "Supporting Files";
			sourceTree = "<group>";
		};
		18CC23FF1CBD2336004C5A76 /* MyChineseChessTests */ = {
			isa = PBXGroup;
			children = (
				18CC24001CBD2336004C5A76 /* MyChineseChessTests.m */,
				18CC24021CBD2336004C5A76 /* Info.plist */,
			);
			path = MyChineseChessTests;
			sourceTree = "<group>";
		};
		18CC240A1CBD2336004C5A76 /* MyChineseChessUITests */ = {
			isa = PBXGroup;
			children = (
				18CC240B1CBD2336004C5A76 /* MyChineseChessUITests.m */,
				18CC240D1CBD2336004C5A76 /* Info.plist */,
			);
			path = MyChineseChessUITests;
			sourceTree = "<group>";
		};
		18CC24191CBD233F004C5A76 /* Chesses */ = {
			isa = PBXGroup;
			children = (
				18CC24231CBD2981004C5A76 /* KingChess */,
				18CC24221CBD2967004C5A76 /* GuardChess */,
				18CC24211CBD292C004C5A76 /* PrimeMinisterChess */,
				18CC24201CBD279A004C5A76 /* SoldierChess */,
				18CC241F1CBD278C004C5A76 /* GunFireChess */,
				18CC241E1CBD2782004C5A76 /* HorseChess */,
				18CC241D1CBD2768004C5A76 /* CarChess */,
				18CC241A1CBD2364004C5A76 /* BaseChess.h */,
				18CC241B1CBD2364004C5A76 /* BaseChess.m */,
			);
			name = Chesses;
			sourceTree = "<group>";
		};
		18CC241D1CBD2768004C5A76 /* CarChess */ = {
			isa = PBXGroup;
			children = (
				18B1A5301CBD344900E74AB7 /* CarChess.h */,
				18B1A5311CBD344900E74AB7 /* CarChess.m */,
			);
			name = CarChess;
			sourceTree = "<group>";
		};
		18CC241E1CBD2782004C5A76 /* HorseChess */ = {
			isa = PBXGroup;
			children = (
				18B1A52D1CBD33EF00E74AB7 /* HorseChess.h */,
				18B1A52E1CBD33EF00E74AB7 /* HorseChess.m */,
			);
			name = HorseChess;
			sourceTree = "<group>";
		};
		18CC241F1CBD278C004C5A76 /* GunFireChess */ = {
			isa = PBXGroup;
			children = (
				18B1A52A1CBD335500E74AB7 /* GunFireChess.h */,
				18B1A52B1CBD335500E74AB7 /* GunFireChess.m */,
			);
			name = GunFireChess;
			sourceTree = "<group>";
		};
		18CC24201CBD279A004C5A76 /* SoldierChess */ = {
			isa = PBXGroup;
			children = (
				18B1A5271CBD326B00E74AB7 /* SoldierChess.h */,
				18B1A5281CBD326B00E74AB7 /* SoldierChess.m */,
			);
			name = SoldierChess;
			sourceTree = "<group>";
		};
		18CC24211CBD292C004C5A76 /* PrimeMinisterChess */ = {
			isa = PBXGroup;
			children = (
				18B1A5241CBD317100E74AB7 /* PrimeMinisterChess.h */,
				18B1A5251CBD317100E74AB7 /* PrimeMinisterChess.m */,
			);
			name = PrimeMinisterChess;
			sourceTree = "<group>";
		};
		18CC24221CBD2967004C5A76 /* GuardChess */ = {
			isa = PBXGroup;
			children = (
				18CC24271CBD304C004C5A76 /* GuardChess.h */,
				18CC24281CBD304C004C5A76 /* GuardChess.m */,
			);
			name = GuardChess;
			sourceTree = "<group>";
		};
		18CC24231CBD2981004C5A76 /* KingChess */ = {
			isa = PBXGroup;
			children = (
				18CC24241CBD29FA004C5A76 /* KingChess.h */,
				18CC24251CBD29FA004C5A76 /* KingChess.m */,
			);
			name = KingChess;
			sourceTree = "<group>";
		};
/* End PBXGroup section */

/* Begin PBXNativeTarget section */
		18CC23E21CBD2336004C5A76 /* MyChineseChess */ = {
			isa = PBXNativeTarget;
			buildConfigurationList = 18CC24101CBD2336004C5A76 /* Build configuration list for PBXNativeTarget "MyChineseChess" */;
			buildPhases = (
				18CC23DF1CBD2336004C5A76 /* Sources */,
				18CC23E01CBD2336004C5A76 /* Frameworks */,
				18CC23E11CBD2336004C5A76 /* Resources */,
			);
			buildRules = (
			);
			dependencies = (
			);
			name = MyChineseChess;
			productName = MyChineseChess;
			productReference = 18CC23E31CBD2336004C5A76 /* MyChineseChess.app */;
			productType = "com.apple.product-type.application";
		};
		18CC23FB1CBD2336004C5A76 /* MyChineseChessTests */ = {
			isa = PBXNativeTarget;
			buildConfigurationList = 18CC24131CBD2336004C5A76 /* Build configuration list for PBXNativeTarget "MyChineseChessTests" */;
			buildPhases = (
				18CC23F81CBD2336004C5A76 /* Sources */,
				18CC23F91CBD2336004C5A76 /* Frameworks */,
				18CC23FA1CBD2336004C5A76 /* Resources */,
			);
			buildRules = (
			);
			dependencies = (
				18CC23FE1CBD2336004C5A76 /* PBXTargetDependency */,
			);
			name = MyChineseChessTests;
			productName = MyChineseChessTests;
			productReference = 18CC23FC1CBD2336004C5A76 /* MyChineseChessTests.xctest */;
			productType = "com.apple.product-type.bundle.unit-test";
		};
		18CC24061CBD2336004C5A76 /* MyChineseChessUITests */ = {
			isa = PBXNativeTarget;
			buildConfigurationList = 18CC24161CBD2336004C5A76 /* Build configuration list for PBXNativeTarget "MyChineseChessUITests" */;
			buildPhases = (
				18CC24031CBD2336004C5A76 /* Sources */,
				18CC24041CBD2336004C5A76 /* Frameworks */,
				18CC24051CBD2336004C5A76 /* Resources */,
			);
			buildRules = (
			);
			dependencies = (
				18CC24091CBD2336004C5A76 /* PBXTargetDependency */,
			);
			name = MyChineseChessUITests;
			productName = MyChineseChessUITests;
			productReference = 18CC24071CBD2336004C5A76 /* MyChineseChessUITests.xctest */;
			productType = "com.apple.product-type.bundle.ui-testing";
		};
/* End PBXNativeTarget section */

/* Begin PBXProject section */
		18CC23DB1CBD2336004C5A76 /* Project object */ = {
			isa = PBXProject;
			attributes = {
				LastUpgradeCheck = 0730;
				ORGANIZATIONNAME = LAOMI;
				TargetAttributes = {
					18CC23E21CBD2336004C5A76 = {
						CreatedOnToolsVersion = 7.3;
					};
					18CC23FB1CBD2336004C5A76 = {
						CreatedOnToolsVersion = 7.3;
						TestTargetID = 18CC23E21CBD2336004C5A76;
					};
					18CC24061CBD2336004C5A76 = {
						CreatedOnToolsVersion = 7.3;
						TestTargetID = 18CC23E21CBD2336004C5A76;
					};
				};
			};
			buildConfigurationList = 18CC23DE1CBD2336004C5A76 /* Build configuration list for PBXProject "MyChineseChess" */;
			compatibilityVersion = "Xcode 3.2";
			developmentRegion = English;
			hasScannedForEncodings = 0;
			knownRegions = (
				en,
				Base,
			);
			mainGroup = 18CC23DA1CBD2336004C5A76;
			productRefGroup = 18CC23E41CBD2336004C5A76 /* Products */;
			projectDirPath = "";
			projectRoot = "";
			targets = (
				18CC23E21CBD2336004C5A76 /* MyChineseChess */,
				18CC23FB1CBD2336004C5A76 /* MyChineseChessTests */,
				18CC24061CBD2336004C5A76 /* MyChineseChessUITests */,
			);
		};
/* End PBXProject section */

/* Begin PBXResourcesBuildPhase section */
		18CC23E11CBD2336004C5A76 /* Resources */ = {
			isa = PBXResourcesBuildPhase;
			buildActionMask = 2147483647;
			files = (
				18CC23F61CBD2336004C5A76 /* LaunchScreen.storyboard in Resources */,
				18CC23F31CBD2336004C5A76 /* Assets.xcassets in Resources */,
			);
			runOnlyForDeploymentPostprocessing = 0;
		};
		18CC23FA1CBD2336004C5A76 /* Resources */ = {
			isa = PBXResourcesBuildPhase;
			buildActionMask = 2147483647;
			files = (
			);
			runOnlyForDeploymentPostprocessing = 0;
		};
		18CC24051CBD2336004C5A76 /* Resources */ = {
			isa = PBXResourcesBuildPhase;
			buildActionMask = 2147483647;
			files = (
			);
			runOnlyForDeploymentPostprocessing = 0;
		};
/* End PBXResourcesBuildPhase section */

/* Begin PBXSourcesBuildPhase section */
		18CC23DF1CBD2336004C5A76 /* Sources */ = {
			isa = PBXSourcesBuildPhase;
			buildActionMask = 2147483647;
			files = (
				18B1A52F1CBD33EF00E74AB7 /* HorseChess.m in Sources */,
				18CC24291CBD304C004C5A76 /* GuardChess.m in Sources */,
				18B1A5291CBD326B00E74AB7 /* SoldierChess.m in Sources */,
				18CC23EE1CBD2336004C5A76 /* ViewController.m in Sources */,
				18B1A5321CBD344900E74AB7 /* CarChess.m in Sources */,
				184546071CBE63DA00905AF9 /* ChessLocationModel.m in Sources */,
				18B1A52C1CBD335500E74AB7 /* GunFireChess.m in Sources */,
				18CC24261CBD29FA004C5A76 /* KingChess.m in Sources */,
				18B1A5361CBD352800E74AB7 /* ChessPlayer.m in Sources */,
				18CC23EB1CBD2336004C5A76 /* AppDelegate.m in Sources */,
				05ED510D1CBE375C0013162D /* GameViewController.m in Sources */,
				18CC23E81CBD2336004C5A76 /* main.m in Sources */,
				18CC241C1CBD2364004C5A76 /* BaseChess.m in Sources */,
				18B1A5261CBD317100E74AB7 /* PrimeMinisterChess.m in Sources */,
				05ED510A1CBDE80E0013162D /* ChessBoard.m in Sources */,
			);
			runOnlyForDeploymentPostprocessing = 0;
		};
		18CC23F81CBD2336004C5A76 /* Sources */ = {
			isa = PBXSourcesBuildPhase;
			buildActionMask = 2147483647;
			files = (
				18CC24011CBD2336004C5A76 /* MyChineseChessTests.m in Sources */,
			);
			runOnlyForDeploymentPostprocessing = 0;
		};
		18CC24031CBD2336004C5A76 /* Sources */ = {
			isa = PBXSourcesBuildPhase;
			buildActionMask = 2147483647;
			files = (
				18CC240C1CBD2336004C5A76 /* MyChineseChessUITests.m in Sources */,
			);
			runOnlyForDeploymentPostprocessing = 0;
		};
/* End PBXSourcesBuildPhase section */

/* Begin PBXTargetDependency section */
		18CC23FE1CBD2336004C5A76 /* PBXTargetDependency */ = {
			isa = PBXTargetDependency;
			target = 18CC23E21CBD2336004C5A76 /* MyChineseChess */;
			targetProxy = 18CC23FD1CBD2336004C5A76 /* PBXContainerItemProxy */;
		};
		18CC24091CBD2336004C5A76 /* PBXTargetDependency */ = {
			isa = PBXTargetDependency;
			target = 18CC23E21CBD2336004C5A76 /* MyChineseChess */;
			targetProxy = 18CC24081CBD2336004C5A76 /* PBXContainerItemProxy */;
		};
/* End PBXTargetDependency section */

/* Begin PBXVariantGroup section */
		18CC23F41CBD2336004C5A76 /* LaunchScreen.storyboard */ = {
			isa = PBXVariantGroup;
			children = (
				18CC23F51CBD2336004C5A76 /* Base */,
			);
			name = LaunchScreen.storyboard;
			sourceTree = "<group>";
		};
/* End PBXVariantGroup section */

/* Begin XCBuildConfiguration section */
		18CC240E1CBD2336004C5A76 /* Debug */ = {
			isa = XCBuildConfiguration;
			buildSettings = {
				ALWAYS_SEARCH_USER_PATHS = NO;
				CLANG_ANALYZER_NONNULL = YES;
				CLANG_CXX_LANGUAGE_STANDARD = "gnu++0x";
				CLANG_CXX_LIBRARY = "libc++";
				CLANG_ENABLE_MODULES = YES;
				CLANG_ENABLE_OBJC_ARC = YES;
				CLANG_WARN_BOOL_CONVERSION = YES;
				CLANG_WARN_CONSTANT_CONVERSION = YES;
				CLANG_WARN_DIRECT_OBJC_ISA_USAGE = YES_ERROR;
				CLANG_WARN_EMPTY_BODY = YES;
				CLANG_WARN_ENUM_CONVERSION = YES;
				CLANG_WARN_INT_CONVERSION = YES;
				CLANG_WARN_OBJC_ROOT_CLASS = YES_ERROR;
				CLANG_WARN_UNREACHABLE_CODE = YES;
				CLANG_WARN__DUPLICATE_METHOD_MATCH = YES;
				"CODE_SIGN_IDENTITY[sdk=iphoneos*]" = "iPhone Developer";
				COPY_PHASE_STRIP = NO;
				DEBUG_INFORMATION_FORMAT = dwarf;
				ENABLE_STRICT_OBJC_MSGSEND = YES;
				ENABLE_TESTABILITY = YES;
				GCC_C_LANGUAGE_STANDARD = gnu99;
				GCC_DYNAMIC_NO_PIC = NO;
				GCC_NO_COMMON_BLOCKS = YES;
				GCC_OPTIMIZATION_LEVEL = 0;
				GCC_PREPROCESSOR_DEFINITIONS = (
					"DEBUG=1",
					"$(inherited)",
				);
				GCC_WARN_64_TO_32_BIT_CONVERSION = YES;
				GCC_WARN_ABOUT_RETURN_TYPE = YES_ERROR;
				GCC_WARN_UNDECLARED_SELECTOR = YES;
				GCC_WARN_UNINITIALIZED_AUTOS = YES_AGGRESSIVE;
				GCC_WARN_UNUSED_FUNCTION = YES;
				GCC_WARN_UNUSED_VARIABLE = YES;
				IPHONEOS_DEPLOYMENT_TARGET = 9.3;
				MTL_ENABLE_DEBUG_INFO = YES;
				ONLY_ACTIVE_ARCH = YES;
				SDKROOT = iphoneos;
			};
			name = Debug;
		};
		18CC240F1CBD2336004C5A76 /* Release */ = {
			isa = XCBuildConfiguration;
			buildSettings = {
				ALWAYS_SEARCH_USER_PATHS = NO;
				CLANG_ANALYZER_NONNULL = YES;
				CLANG_CXX_LANGUAGE_STANDARD = "gnu++0x";
				CLANG_CXX_LIBRARY = "libc++";
				CLANG_ENABLE_MODULES = YES;
				CLANG_ENABLE_OBJC_ARC = YES;
				CLANG_WARN_BOOL_CONVERSION = YES;
				CLANG_WARN_CONSTANT_CONVERSION = YES;
				CLANG_WARN_DIRECT_OBJC_ISA_USAGE = YES_ERROR;
				CLANG_WARN_EMPTY_BODY = YES;
				CLANG_WARN_ENUM_CONVERSION = YES;
				CLANG_WARN_INT_CONVERSION = YES;
				CLANG_WARN_OBJC_ROOT_CLASS = YES_ERROR;
				CLANG_WARN_UNREACHABLE_CODE = YES;
				CLANG_WARN__DUPLICATE_METHOD_MATCH = YES;
				"CODE_SIGN_IDENTITY[sdk=iphoneos*]" = "iPhone Developer";
				COPY_PHASE_STRIP = NO;
				DEBUG_INFORMATION_FORMAT = "dwarf-with-dsym";
				ENABLE_NS_ASSERTIONS = NO;
				ENABLE_STRICT_OBJC_MSGSEND = YES;
				GCC_C_LANGUAGE_STANDARD = gnu99;
				GCC_NO_COMMON_BLOCKS = YES;
				GCC_WARN_64_TO_32_BIT_CONVERSION = YES;
				GCC_WARN_ABOUT_RETURN_TYPE = YES_ERROR;
				GCC_WARN_UNDECLARED_SELECTOR = YES;
				GCC_WARN_UNINITIALIZED_AUTOS = YES_AGGRESSIVE;
				GCC_WARN_UNUSED_FUNCTION = YES;
				GCC_WARN_UNUSED_VARIABLE = YES;
				IPHONEOS_DEPLOYMENT_TARGET = 9.3;
				MTL_ENABLE_DEBUG_INFO = NO;
				SDKROOT = iphoneos;
				VALIDATE_PRODUCT = YES;
			};
			name = Release;
		};
		18CC24111CBD2336004C5A76 /* Debug */ = {
			isa = XCBuildConfiguration;
			buildSettings = {
				ASSETCATALOG_COMPILER_APPICON_NAME = AppIcon;
				INFOPLIST_FILE = MyChineseChess/Info.plist;
				IPHONEOS_DEPLOYMENT_TARGET = 7.0;
				LD_RUNPATH_SEARCH_PATHS = "$(inherited) @executable_path/Frameworks";
				PRODUCT_BUNDLE_IDENTIFIER = com.laomi.MyChineseChess;
				PRODUCT_NAME = "$(TARGET_NAME)";
			};
			name = Debug;
		};
		18CC24121CBD2336004C5A76 /* Release */ = {
			isa = XCBuildConfiguration;
			buildSettings = {
				ASSETCATALOG_COMPILER_APPICON_NAME = AppIcon;
				INFOPLIST_FILE = MyChineseChess/Info.plist;
				IPHONEOS_DEPLOYMENT_TARGET = 7.0;
				LD_RUNPATH_SEARCH_PATHS = "$(inherited) @executable_path/Frameworks";
				PRODUCT_BUNDLE_IDENTIFIER = com.laomi.MyChineseChess;
				PRODUCT_NAME = "$(TARGET_NAME)";
			};
			name = Release;
		};
		18CC24141CBD2336004C5A76 /* Debug */ = {
			isa = XCBuildConfiguration;
			buildSettings = {
				BUNDLE_LOADER = "$(TEST_HOST)";
				INFOPLIST_FILE = MyChineseChessTests/Info.plist;
				LD_RUNPATH_SEARCH_PATHS = "$(inherited) @executable_path/Frameworks @loader_path/Frameworks";
				PRODUCT_BUNDLE_IDENTIFIER = com.laomi.MyChineseChessTests;
				PRODUCT_NAME = "$(TARGET_NAME)";
				TEST_HOST = "$(BUILT_PRODUCTS_DIR)/MyChineseChess.app/MyChineseChess";
			};
			name = Debug;
		};
		18CC24151CBD2336004C5A76 /* Release */ = {
			isa = XCBuildConfiguration;
			buildSettings = {
				BUNDLE_LOADER = "$(TEST_HOST)";
				INFOPLIST_FILE = MyChineseChessTests/Info.plist;
				LD_RUNPATH_SEARCH_PATHS = "$(inherited) @executable_path/Frameworks @loader_path/Frameworks";
				PRODUCT_BUNDLE_IDENTIFIER = com.laomi.MyChineseChessTests;
				PRODUCT_NAME = "$(TARGET_NAME)";
				TEST_HOST = "$(BUILT_PRODUCTS_DIR)/MyChineseChess.app/MyChineseChess";
			};
			name = Release;
		};
		18CC24171CBD2336004C5A76 /* Debug */ = {
			isa = XCBuildConfiguration;
			buildSettings = {
				INFOPLIST_FILE = MyChineseChessUITests/Info.plist;
				LD_RUNPATH_SEARCH_PATHS = "$(inherited) @executable_path/Frameworks @loader_path/Frameworks";
				PRODUCT_BUNDLE_IDENTIFIER = com.laomi.MyChineseChessUITests;
				PRODUCT_NAME = "$(TARGET_NAME)";
				TEST_TARGET_NAME = MyChineseChess;
			};
			name = Debug;
		};
		18CC24181CBD2336004C5A76 /* Release */ = {
			isa = XCBuildConfiguration;
			buildSettings = {
				INFOPLIST_FILE = MyChineseChessUITests/Info.plist;
				LD_RUNPATH_SEARCH_PATHS = "$(inherited) @executable_path/Frameworks @loader_path/Frameworks";
				PRODUCT_BUNDLE_IDENTIFIER = com.laomi.MyChineseChessUITests;
				PRODUCT_NAME = "$(TARGET_NAME)";
				TEST_TARGET_NAME = MyChineseChess;
			};
			name = Release;
		};
/* End XCBuildConfiguration section */

/* Begin XCConfigurationList section */
		18CC23DE1CBD2336004C5A76 /* Build configuration list for PBXProject "MyChineseChess" */ = {
			isa = XCConfigurationList;
			buildConfigurations = (
				18CC240E1CBD2336004C5A76 /* Debug */,
				18CC240F1CBD2336004C5A76 /* Release */,
			);
			defaultConfigurationIsVisible = 0;
			defaultConfigurationName = Release;
		};
		18CC24101CBD2336004C5A76 /* Build configuration list for PBXNativeTarget "MyChineseChess" */ = {
			isa = XCConfigurationList;
			buildConfigurations = (
				18CC24111CBD2336004C5A76 /* Debug */,
				18CC24121CBD2336004C5A76 /* Release */,
			);
			defaultConfigurationIsVisible = 0;
			defaultConfigurationName = Release;
		};
		18CC24131CBD2336004C5A76 /* Build configuration list for PBXNativeTarget "MyChineseChessTests" */ = {
			isa = XCConfigurationList;
			buildConfigurations = (
				18CC24141CBD2336004C5A76 /* Debug */,
				18CC24151CBD2336004C5A76 /* Release */,
			);
			defaultConfigurationIsVisible = 0;
			defaultConfigurationName = Release;
		};
		18CC24161CBD2336004C5A76 /* Build configuration list for PBXNativeTarget "MyChineseChessUITests" */ = {
			isa = XCConfigurationList;
			buildConfigurations = (
				18CC24171CBD2336004C5A76 /* Debug */,
				18CC24181CBD2336004C5A76 /* Release */,
			);
			defaultConfigurationIsVisible = 0;
			defaultConfigurationName = Release;
		};
/* End XCConfigurationList section */
	};
	rootObject = 18CC23DB1CBD2336004C5A76 /* Project object */;
}
